
Microsoft Visual Studio Solution File, Format Version 12.00
# Visual Studio Version 16
VisualStudioVersion = 16.0.810.22
MinimumVisualStudioVersion = 10.0.40219.1
Project("{FAE04EC0-301F-11D3-BF4B-00C04F79EFBC}") = "TaxCalculatorConsoleApp", "TaxCalculatorConsoleApp\TaxCalculatorConsoleApp.csproj", "{1A224C36-CCC6-4AFB-8742-FB81C1D4046C}"
EndProject
Project("{FAE04EC0-301F-11D3-BF4B-00C04F79EFBC}") = "TaxCalculatorLibrary", "TaxCalculatorLibrary\TaxCalculatorLibrary.csproj", "{EE1C2A5B-94B8-4B62-8AFD-4A2221B9C50B}"
EndProject
Project("{FAE04EC0-301F-11D3-BF4B-00C04F79EFBC}") = "TaxCalculatorUnitTests", "TaxCalculatorUnitTests\TaxCalculatorUnitTests.csproj", "{147C0136-EB4B-4709-B3F6-81CC35BC116F}"
EndProject
Global
	GlobalSection(SolutionConfigurationPlatforms) = preSolution
		Debug|anycpu = Debug|anycpu
		Release|anycpu = Release|anycpu
	EndGlobalSection
	GlobalSection(ProjectConfigurationPlatforms) = postSolution
		{1A224C36-CCC6-4AFB-8742-FB81C1D4046C}.Debug|anycpu.ActiveCfg = Debug|Any CPU
		{1A224C36-CCC6-4AFB-8742-FB81C1D4046C}.Debug|anycpu.Build.0 = Debug|Any CPU
		{1A224C36-CCC6-4AFB-8742-FB81C1D4046C}.Release|anycpu.ActiveCfg = Release|Any CPU
		{1A224C36-CCC6-4AFB-8742-FB81C1D4046C}.Release|anycpu.Build.0 = Release|Any CPU
		{EE1C2A5B-94B8-4B62-8AFD-4A2221B9C50B}.Debug|anycpu.ActiveCfg = Debug|Any CPU
		{EE1C2A5B-94B8-4B62-8AFD-4A2221B9C50B}.Debug|anycpu.Build.0 = Debug|Any CPU
		{EE1C2A5B-94B8-4B62-8AFD-4A2221B9C50B}.Release|anycpu.ActiveCfg = Release|Any CPU
		{EE1C2A5B-94B8-4B62-8AFD-4A2221B9C50B}.Release|anycpu.Build.0 = Release|Any CPU
		{147C0136-EB4B-4709-B3F6-81CC35BC116F}.Debug|anycpu.ActiveCfg = Debug|Any CPU
		{147C0136-EB4B-4709-B3F6-81CC35BC116F}.Debug|anycpu.Build.0 = Debug|Any CPU
		{147C0136-EB4B-4709-B3F6-81CC35BC116F}.Release|anycpu.ActiveCfg = Release|Any CPU
		{147C0136-EB4B-4709-B3F6-81CC35BC116F}.Release|anycpu.Build.0 = Release|Any CPU
	EndGlobalSection
	GlobalSection(SolutionProperties) = preSolution
		HideSolutionNode = FALSE
	EndGlobalSection
	GlobalSection(ExtensibilityGlobals) = postSolution
		SolutionGuid = {AF2AC00F-1437-4BCC-AFDE-7A255107BADF}
	EndGlobalSection
EndGlobal
